
Microsoft Visual Studio Solution File, Format Version 12.00
# Visual Studio Version 17
VisualStudioVersion = 17.14.36511.14
MinimumVisualStudioVersion = 10.0.40219.1
Project("{2150E333-8FDC-42A3-9474-1A3956D46DE8}") = "Task0", "Task0", "{36D591C7-65C7-A0D1-1CBC-10CDE441BDC8}"
EndProject
Project("{FAE04EC0-301F-11D3-BF4B-00C04F79EFBC}") = "Tyuiu.DolgovIV.Sprint6.Task0.V9.Test", "Tyuiu.DolgovIV.Sprint6.Task0.V9.Test\Tyuiu.DolgovIV.Sprint6.Task0.V9.Test.csproj", "{6EC82FC6-0655-45B3-9CE7-D9572EA74255}"
EndProject
Project("{FAE04EC0-301F-11D3-BF4B-00C04F79EFBC}") = "Tyuiu.DolgovIV.Sprint6.Task0.V9.Lib", "Tyuiu.DolgovIV.Sprint6.Task0.V9.Lib\Tyuiu.DolgovIV.Sprint6.Task0.V9.Lib.csproj", "{D4B7254F-FBDA-4CA1-AD8E-FA6D8054FBD3}"
EndProject
Project("{FAE04EC0-301F-11D3-BF4B-00C04F79EFBC}") = "Tyuiu.DolgovIV.Sprint6.Task0.V9", "Tyuiu.DolgovIV.Sprint6.Task0.V9\Tyuiu.DolgovIV.Sprint6.Task0.V9.csproj", "{4D01812B-0604-4485-8D24-41A57A9001EB}"
EndProject
Project("{2150E333-8FDC-42A3-9474-1A3956D46DE8}") = "Task1", "Task1", "{EDCD93E1-0BA9-4B05-827E-1714EB94FB01}"
EndProject
Project("{FAE04EC0-301F-11D3-BF4B-00C04F79EFBC}") = "Tyuiu.DolgovIV.Sprint6.Task1.V7.Lib", "Tyuiu.DolgovIV.Sprint6.Task1.V7.Lib\Tyuiu.DolgovIV.Sprint6.Task1.V7.Lib.csproj", "{AF3B1FAA-5ED4-462A-B0A4-9F50513ACD8E}"
EndProject
Project("{FAE04EC0-301F-11D3-BF4B-00C04F79EFBC}") = "Tyuiu.DolgovIV.Sprint6.Task1.V7.Test", "Tyuiu.DolgovIV.Sprint6.Task1.V7.Test\Tyuiu.DolgovIV.Sprint6.Task1.V7.Test.csproj", "{74176C84-16C5-4C2D-AD35-09B5E12E1993}"
EndProject
Project("{FAE04EC0-301F-11D3-BF4B-00C04F79EFBC}") = "Tyuiu.DolgovIV.Sprint6.Task1.V7", "Tyuiu.DolgovIV.Sprint6.Task1.V7\Tyuiu.DolgovIV.Sprint6.Task1.V7.csproj", "{D8948C94-22FD-49B2-9C7A-DB5C078D89F7}"
EndProject
Project("{2150E333-8FDC-42A3-9474-1A3956D46DE8}") = "Task3", "Task3", "{9D036065-734C-4014-B57D-327165700A2B}"
EndProject
Project("{2150E333-8FDC-42A3-9474-1A3956D46DE8}") = "Task2", "Task2", "{8E2325B5-CF92-4D19-8312-74FA22F4ECDB}"
EndProject
Project("{FAE04EC0-301F-11D3-BF4B-00C04F79EFBC}") = "Tyuiu.DolgovIV.Sprint6.Task2.V10.Test", "Tyuiu.DolgovIV.Sprint6.Task2.V10.Test\Tyuiu.DolgovIV.Sprint6.Task2.V10.Test.csproj", "{21B76C04-32E3-4719-B03B-32AC5EEE4606}"
EndProject
Project("{FAE04EC0-301F-11D3-BF4B-00C04F79EFBC}") = "Tyuiu.DolgovIV.Sprint6.Task2.V10.Lib", "Tyuiu.DolgovIV.Sprint6.Task2.V10.Lib\Tyuiu.DolgovIV.Sprint6.Task2.V10.Lib.csproj", "{C3DA2F69-1104-473A-81A0-BB2E67DFE23B}"
EndProject
Project("{FAE04EC0-301F-11D3-BF4B-00C04F79EFBC}") = "Tyuiu.DolgovIV.Sprint6.Task2.V10", "Tyuiu.DolgovIV.Sprint6.Task2.V10\Tyuiu.DolgovIV.Sprint6.Task2.V10.csproj", "{D318FB2D-37E0-4502-B05F-0A6979D32668}"
EndProject
Project("{FAE04EC0-301F-11D3-BF4B-00C04F79EFBC}") = "Tyuiu.DolgovIV.Sprint6.Task3.V28", "Tyuiu.DolgovIV.Sprint6.Task3.V28\Tyuiu.DolgovIV.Sprint6.Task3.V28.csproj", "{220B48CF-94B0-40DF-B633-DBBC8091233D}"
EndProject
Project("{FAE04EC0-301F-11D3-BF4B-00C04F79EFBC}") = "Tyuiu.DolgovIV.Sprint6.Task3.V28.Lib", "Tyuiu.DolgovIV.Sprint6.Task3.V28.Lib\Tyuiu.DolgovIV.Sprint6.Task3.V28.Lib.csproj", "{A7C21EAF-D781-45EC-AF52-479736CE522D}"
EndProject
Project("{FAE04EC0-301F-11D3-BF4B-00C04F79EFBC}") = "Tyuiu.DolgovIV.Sprint6.Task3.V28.Test", "Tyuiu.DolgovIV.Sprint6.Task3.V28.Test\Tyuiu.DolgovIV.Sprint6.Task3.V28.Test.csproj", "{A65007B8-472A-470E-931F-17746E88ABF4}"
EndProject
Global
	GlobalSection(SolutionConfigurationPlatforms) = preSolution
		Debug|Any CPU = Debug|Any CPU
		Release|Any CPU = Release|Any CPU
	EndGlobalSection
	GlobalSection(ProjectConfigurationPlatforms) = postSolution
		{6EC82FC6-0655-45B3-9CE7-D9572EA74255}.Debug|Any CPU.ActiveCfg = Debug|Any CPU
		{6EC82FC6-0655-45B3-9CE7-D9572EA74255}.Debug|Any CPU.Build.0 = Debug|Any CPU
		{6EC82FC6-0655-45B3-9CE7-D9572EA74255}.Release|Any CPU.ActiveCfg = Release|Any CPU
		{6EC82FC6-0655-45B3-9CE7-D9572EA74255}.Release|Any CPU.Build.0 = Release|Any CPU
		{D4B7254F-FBDA-4CA1-AD8E-FA6D8054FBD3}.Debug|Any CPU.ActiveCfg = Debug|Any CPU
		{D4B7254F-FBDA-4CA1-AD8E-FA6D8054FBD3}.Debug|Any CPU.Build.0 = Debug|Any CPU
		{D4B7254F-FBDA-4CA1-AD8E-FA6D8054FBD3}.Release|Any CPU.ActiveCfg = Release|Any CPU
		{D4B7254F-FBDA-4CA1-AD8E-FA6D8054FBD3}.Release|Any CPU.Build.0 = Release|Any CPU
		{4D01812B-0604-4485-8D24-41A57A9001EB}.Debug|Any CPU.ActiveCfg = Debug|Any CPU
		{4D01812B-0604-4485-8D24-41A57A9001EB}.Debug|Any CPU.Build.0 = Debug|Any CPU
		{4D01812B-0604-4485-8D24-41A57A9001EB}.Release|Any CPU.ActiveCfg = Release|Any CPU
		{4D01812B-0604-4485-8D24-41A57A9001EB}.Release|Any CPU.Build.0 = Release|Any CPU
		{AF3B1FAA-5ED4-462A-B0A4-9F50513ACD8E}.Debug|Any CPU.ActiveCfg = Debug|Any CPU
		{AF3B1FAA-5ED4-462A-B0A4-9F50513ACD8E}.Debug|Any CPU.Build.0 = Debug|Any CPU
		{AF3B1FAA-5ED4-462A-B0A4-9F50513ACD8E}.Release|Any CPU.ActiveCfg = Release|Any CPU
		{AF3B1FAA-5ED4-462A-B0A4-9F50513ACD8E}.Release|Any CPU.Build.0 = Release|Any CPU
		{74176C84-16C5-4C2D-AD35-09B5E12E1993}.Debug|Any CPU.ActiveCfg = Debug|Any CPU
		{74176C84-16C5-4C2D-AD35-09B5E12E1993}.Debug|Any CPU.Build.0 = Debug|Any CPU
		{74176C84-16C5-4C2D-AD35-09B5E12E1993}.Release|Any CPU.ActiveCfg = Release|Any CPU
		{74176C84-16C5-4C2D-AD35-09B5E12E1993}.Release|Any CPU.Build.0 = Release|Any CPU
		{D8948C94-22FD-49B2-9C7A-DB5C078D89F7}.Debug|Any CPU.ActiveCfg = Debug|Any CPU
		{D8948C94-22FD-49B2-9C7A-DB5C078D89F7}.Debug|Any CPU.Build.0 = Debug|Any CPU
		{D8948C94-22FD-49B2-9C7A-DB5C078D89F7}.Release|Any CPU.ActiveCfg = Release|Any CPU
		{D8948C94-22FD-49B2-9C7A-DB5C078D89F7}.Release|Any CPU.Build.0 = Release|Any CPU
		{21B76C04-32E3-4719-B03B-32AC5EEE4606}.Debug|Any CPU.ActiveCfg = Debug|Any CPU
		{21B76C04-32E3-4719-B03B-32AC5EEE4606}.Debug|Any CPU.Build.0 = Debug|Any CPU
		{21B76C04-32E3-4719-B03B-32AC5EEE4606}.Release|Any CPU.ActiveCfg = Release|Any CPU
		{21B76C04-32E3-4719-B03B-32AC5EEE4606}.Release|Any CPU.Build.0 = Release|Any CPU
		{C3DA2F69-1104-473A-81A0-BB2E67DFE23B}.Debug|Any CPU.ActiveCfg = Debug|Any CPU
		{C3DA2F69-1104-473A-81A0-BB2E67DFE23B}.Debug|Any CPU.Build.0 = Debug|Any CPU
		{C3DA2F69-1104-473A-81A0-BB2E67DFE23B}.Release|Any CPU.ActiveCfg = Release|Any CPU
		{C3DA2F69-1104-473A-81A0-BB2E67DFE23B}.Release|Any CPU.Build.0 = Release|Any CPU
		{D318FB2D-37E0-4502-B05F-0A6979D32668}.Debug|Any CPU.ActiveCfg = Debug|Any CPU
		{D318FB2D-37E0-4502-B05F-0A6979D32668}.Debug|Any CPU.Build.0 = Debug|Any CPU
		{D318FB2D-37E0-4502-B05F-0A6979D32668}.Release|Any CPU.ActiveCfg = Release|Any CPU
		{D318FB2D-37E0-4502-B05F-0A6979D32668}.Release|Any CPU.Build.0 = Release|Any CPU
		{220B48CF-94B0-40DF-B633-DBBC8091233D}.Debug|Any CPU.ActiveCfg = Debug|Any CPU
		{220B48CF-94B0-40DF-B633-DBBC8091233D}.Debug|Any CPU.Build.0 = Debug|Any CPU
		{220B48CF-94B0-40DF-B633-DBBC8091233D}.Release|Any CPU.ActiveCfg = Release|Any CPU
		{220B48CF-94B0-40DF-B633-DBBC8091233D}.Release|Any CPU.Build.0 = Release|Any CPU
		{A7C21EAF-D781-45EC-AF52-479736CE522D}.Debug|Any CPU.ActiveCfg = Debug|Any CPU
		{A7C21EAF-D781-45EC-AF52-479736CE522D}.Debug|Any CPU.Build.0 = Debug|Any CPU
		{A7C21EAF-D781-45EC-AF52-479736CE522D}.Release|Any CPU.ActiveCfg = Release|Any CPU
		{A7C21EAF-D781-45EC-AF52-479736CE522D}.Release|Any CPU.Build.0 = Release|Any CPU
		{A65007B8-472A-470E-931F-17746E88ABF4}.Debug|Any CPU.ActiveCfg = Debug|Any CPU
		{A65007B8-472A-470E-931F-17746E88ABF4}.Debug|Any CPU.Build.0 = Debug|Any CPU
		{A65007B8-472A-470E-931F-17746E88ABF4}.Release|Any CPU.ActiveCfg = Release|Any CPU
		{A65007B8-472A-470E-931F-17746E88ABF4}.Release|Any CPU.Build.0 = Release|Any CPU
	EndGlobalSection
	GlobalSection(SolutionProperties) = preSolution
		HideSolutionNode = FALSE
	EndGlobalSection
	GlobalSection(NestedProjects) = preSolution
		{6EC82FC6-0655-45B3-9CE7-D9572EA74255} = {36D591C7-65C7-A0D1-1CBC-10CDE441BDC8}
		{D4B7254F-FBDA-4CA1-AD8E-FA6D8054FBD3} = {36D591C7-65C7-A0D1-1CBC-10CDE441BDC8}
		{4D01812B-0604-4485-8D24-41A57A9001EB} = {36D591C7-65C7-A0D1-1CBC-10CDE441BDC8}
		{AF3B1FAA-5ED4-462A-B0A4-9F50513ACD8E} = {EDCD93E1-0BA9-4B05-827E-1714EB94FB01}
		{74176C84-16C5-4C2D-AD35-09B5E12E1993} = {EDCD93E1-0BA9-4B05-827E-1714EB94FB01}
		{D8948C94-22FD-49B2-9C7A-DB5C078D89F7} = {EDCD93E1-0BA9-4B05-827E-1714EB94FB01}
		{21B76C04-32E3-4719-B03B-32AC5EEE4606} = {8E2325B5-CF92-4D19-8312-74FA22F4ECDB}
		{C3DA2F69-1104-473A-81A0-BB2E67DFE23B} = {8E2325B5-CF92-4D19-8312-74FA22F4ECDB}
		{D318FB2D-37E0-4502-B05F-0A6979D32668} = {8E2325B5-CF92-4D19-8312-74FA22F4ECDB}
		{220B48CF-94B0-40DF-B633-DBBC8091233D} = {9D036065-734C-4014-B57D-327165700A2B}
		{A7C21EAF-D781-45EC-AF52-479736CE522D} = {9D036065-734C-4014-B57D-327165700A2B}
		{A65007B8-472A-470E-931F-17746E88ABF4} = {9D036065-734C-4014-B57D-327165700A2B}
	EndGlobalSection
	GlobalSection(ExtensibilityGlobals) = postSolution
		SolutionGuid = {1F204E1F-9FFE-42CA-8418-195B1D3C3DC4}
	EndGlobalSection
EndGlobal
